
Microsoft Visual Studio Solution File, Format Version 12.00
# Visual Studio Version 17
VisualStudioVersion = 17.5.002.0
MinimumVisualStudioVersion = 10.0.40219.1
Project("{9A19103F-16F7-4668-BE54-9A1E7A4F7556}") = "DesafioDeCodigo", "DesafioDeCodigo.csproj", "{F630CEB1-533C-40F4-A643-15514E661ADD}"
EndProject
Global
	GlobalSection(SolutionConfigurationPlatforms) = preSolution
		Debug|Any CPU = Debug|Any CPU
		Release|Any CPU = Release|Any CPU
	EndGlobalSection
	GlobalSection(ProjectConfigurationPlatforms) = postSolution
		{F630CEB1-533C-40F4-A643-15514E661ADD}.Debug|Any CPU.ActiveCfg = Debug|Any CPU
		{F630CEB1-533C-40F4-A643-15514E661ADD}.Debug|Any CPU.Build.0 = Debug|Any CPU
		{F630CEB1-533C-40F4-A643-15514E661ADD}.Release|Any CPU.ActiveCfg = Release|Any CPU
		{F630CEB1-533C-40F4-A643-15514E661ADD}.Release|Any CPU.Build.0 = Release|Any CPU
	EndGlobalSection
	GlobalSection(SolutionProperties) = preSolution
		HideSolutionNode = FALSE
	EndGlobalSection
	GlobalSection(ExtensibilityGlobals) = postSolution
		SolutionGuid = {77848D11-6F90-4897-934C-E10EE0B5BC9E}
	EndGlobalSection
EndGlobal
